// !$*UTF8*$!
{
	archiveVersion = 1;
	classes = {
	};
	objectVersion = 52;
	objects = {

/* Begin PBXBuildFile section */
		8708842F24826F14003D662F /* SettingsView.swift in Sources */ = {isa = PBXBuildFile; fileRef = 8708842E24826F14003D662F /* SettingsView.swift */; };
		874E6C812489179B00E7153C /* NameValueView.swift in Sources */ = {isa = PBXBuildFile; fileRef = 874E6C802489179B00E7153C /* NameValueView.swift */; };
		876EF078245E90790021687C /* Pomodoro.swift in Sources */ = {isa = PBXBuildFile; fileRef = 876EF077245E90790021687C /* Pomodoro.swift */; };
		879C36352483AB8A00DF0B9F /* SelectUserView.swift in Sources */ = {isa = PBXBuildFile; fileRef = 879C36342483AB8A00DF0B9F /* SelectUserView.swift */; };
		87C6AA9F248243FF002FAA74 /* AsyncImage.swift in Sources */ = {isa = PBXBuildFile; fileRef = 87C6AA9E248243FF002FAA74 /* AsyncImage.swift */; };
		87C6AAA124824629002FAA74 /* ImageLoader.swift in Sources */ = {isa = PBXBuildFile; fileRef = 87C6AAA024824629002FAA74 /* ImageLoader.swift */; };
		87C6AAA324825337002FAA74 /* EnvironmentValues+ImageCache.swift in Sources */ = {isa = PBXBuildFile; fileRef = 87C6AAA224825337002FAA74 /* EnvironmentValues+ImageCache.swift */; };
		87C6AAA524825390002FAA74 /* ImageCache.swift in Sources */ = {isa = PBXBuildFile; fileRef = 87C6AAA424825390002FAA74 /* ImageCache.swift */; };
		87C6AAA924825B6D002FAA74 /* HistoryDetailView.swift in Sources */ = {isa = PBXBuildFile; fileRef = 87C6AAA824825B6D002FAA74 /* HistoryDetailView.swift */; };
		87C6AAAB24826983002FAA74 /* DateView.swift in Sources */ = {isa = PBXBuildFile; fileRef = 87C6AAAA24826983002FAA74 /* DateView.swift */; };
		87C6AAAD248269B9002FAA74 /* TimeView.swift in Sources */ = {isa = PBXBuildFile; fileRef = 87C6AAAC248269B9002FAA74 /* TimeView.swift */; };
		87C6AAAF24826B02002FAA74 /* IntervalView.swift in Sources */ = {isa = PBXBuildFile; fileRef = 87C6AAAE24826B02002FAA74 /* IntervalView.swift */; };
		87F95B2A24808A8C00255B29 /* URLSession+Extensions.swift in Sources */ = {isa = PBXBuildFile; fileRef = 87F95B2924808A8C00255B29 /* URLSession+Extensions.swift */; };
		87F95B2C24808D0400255B29 /* Favorite.swift in Sources */ = {isa = PBXBuildFile; fileRef = 87F95B2B24808D0400255B29 /* Favorite.swift */; };
		87F95B2E2480930200255B29 /* FavoriteRowView.swift in Sources */ = {isa = PBXBuildFile; fileRef = 87F95B2D2480930200255B29 /* FavoriteRowView.swift */; };
		87F95B302480933100255B29 /* HistoryRowView.swift in Sources */ = {isa = PBXBuildFile; fileRef = 87F95B2F2480933100255B29 /* HistoryRowView.swift */; };
		87F95B322480944700255B29 /* DurationView.swift in Sources */ = {isa = PBXBuildFile; fileRef = 87F95B312480944700255B29 /* DurationView.swift */; };
		87F95B342480978200255B29 /* DateTimeView.swift in Sources */ = {isa = PBXBuildFile; fileRef = 87F95B332480978200255B29 /* DateTimeView.swift */; };
		87F95B362480A2B400255B29 /* ButtonStyles.swift in Sources */ = {isa = PBXBuildFile; fileRef = 87F95B352480A2B400255B29 /* ButtonStyles.swift */; };
		C19BA142243F2E33004795A7 /* AppDelegate.swift in Sources */ = {isa = PBXBuildFile; fileRef = C19BA141243F2E33004795A7 /* AppDelegate.swift */; };
		C19BA144243F2E33004795A7 /* SceneDelegate.swift in Sources */ = {isa = PBXBuildFile; fileRef = C19BA143243F2E33004795A7 /* SceneDelegate.swift */; };
		C19BA146243F2E33004795A7 /* ContentView.swift in Sources */ = {isa = PBXBuildFile; fileRef = C19BA145243F2E33004795A7 /* ContentView.swift */; };
		C19BA148243F2E36004795A7 /* Assets.xcassets in Resources */ = {isa = PBXBuildFile; fileRef = C19BA147243F2E36004795A7 /* Assets.xcassets */; };
		C19BA14B243F2E36004795A7 /* Preview Assets.xcassets in Resources */ = {isa = PBXBuildFile; fileRef = C19BA14A243F2E36004795A7 /* Preview Assets.xcassets */; };
		C19BA14E243F2E36004795A7 /* LaunchScreen.storyboard in Resources */ = {isa = PBXBuildFile; fileRef = C19BA14C243F2E36004795A7 /* LaunchScreen.storyboard */; };
		C19BA156243F2E8F004795A7 /* CountdownPageView.swift in Sources */ = {isa = PBXBuildFile; fileRef = C19BA155243F2E8F004795A7 /* CountdownPageView.swift */; };
		C19BA15B243F2F7C004795A7 /* CountdownView.swift in Sources */ = {isa = PBXBuildFile; fileRef = C19BA15A243F2F7C004795A7 /* CountdownView.swift */; };
		C19BA15F243F31A4004795A7 /* HistoryView.swift in Sources */ = {isa = PBXBuildFile; fileRef = C19BA15E243F31A4004795A7 /* HistoryView.swift */; };
		C19BA161243F31D0004795A7 /* FavoriteView.swift in Sources */ = {isa = PBXBuildFile; fileRef = C19BA160243F31D0004795A7 /* FavoriteView.swift */; };
		C19BA163243F321F004795A7 /* Makefile in Sources */ = {isa = PBXBuildFile; fileRef = C19BA162243F321F004795A7 /* Makefile */; };
		C19BA165243F3243004795A7 /* swiftgen.yml in Resources */ = {isa = PBXBuildFile; fileRef = C19BA164243F3243004795A7 /* swiftgen.yml */; };
		C19BA168243F3331004795A7 /* BuildFile in Frameworks */ = {isa = PBXBuildFile; productRef = C19BA167243F3331004795A7 /* SwiftPackageProductDependency */; };
		C19BA16B243F3396004795A7 /* BuildFile in Frameworks */ = {isa = PBXBuildFile; productRef = C19BA16A243F3396004795A7 /* SwiftPackageProductDependency */; };
		C19BA16E243F33B9004795A7 /* UserDefaults+Extensions.swift in Sources */ = {isa = PBXBuildFile; fileRef = C19BA16D243F33B9004795A7 /* UserDefaults+Extensions.swift */; };
		C19BA170243F3407004795A7 /* Settings.swift in Sources */ = {isa = PBXBuildFile; fileRef = C19BA16F243F3407004795A7 /* Settings.swift */; };
		C19BA172243F346D004795A7 /* Keychain+Extensions.swift in Sources */ = {isa = PBXBuildFile; fileRef = C19BA171243F346D004795A7 /* Keychain+Extensions.swift */; };
		C19BA174243F35E8004795A7 /* LoginView.swift in Sources */ = {isa = PBXBuildFile; fileRef = C19BA173243F35E8004795A7 /* LoginView.swift */; };
/* End PBXBuildFile section */

/* Begin PBXFileReference section */
		8708842E24826F14003D662F /* SettingsView.swift */ = {isa = PBXFileReference; lastKnownFileType = sourcecode.swift; path = SettingsView.swift; sourceTree = "<group>"; };
		874E6C802489179B00E7153C /* NameValueView.swift */ = {isa = PBXFileReference; lastKnownFileType = sourcecode.swift; path = NameValueView.swift; sourceTree = "<group>"; };
		876EF077245E90790021687C /* Pomodoro.swift */ = {isa = PBXFileReference; lastKnownFileType = sourcecode.swift; path = Pomodoro.swift; sourceTree = "<group>"; };
		87962056247FCEA000A2A9A8 /* TimeBoxed.entitlements */ = {isa = PBXFileReference; lastKnownFileType = text.plist.entitlements; path = TimeBoxed.entitlements; sourceTree = "<group>"; };
		879C36342483AB8A00DF0B9F /* SelectUserView.swift */ = {isa = PBXFileReference; lastKnownFileType = sourcecode.swift; path = SelectUserView.swift; sourceTree = "<group>"; };
		87C6AA9E248243FF002FAA74 /* AsyncImage.swift */ = {isa = PBXFileReference; lastKnownFileType = sourcecode.swift; path = AsyncImage.swift; sourceTree = "<group>"; };
		87C6AAA024824629002FAA74 /* ImageLoader.swift */ = {isa = PBXFileReference; lastKnownFileType = sourcecode.swift; path = ImageLoader.swift; sourceTree = "<group>"; };
		87C6AAA224825337002FAA74 /* EnvironmentValues+ImageCache.swift */ = {isa = PBXFileReference; lastKnownFileType = sourcecode.swift; path = "EnvironmentValues+ImageCache.swift"; sourceTree = "<group>"; };
		87C6AAA424825390002FAA74 /* ImageCache.swift */ = {isa = PBXFileReference; lastKnownFileType = sourcecode.swift; path = ImageCache.swift; sourceTree = "<group>"; };
		87C6AAA824825B6D002FAA74 /* HistoryDetailView.swift */ = {isa = PBXFileReference; lastKnownFileType = sourcecode.swift; path = HistoryDetailView.swift; sourceTree = "<group>"; };
		87C6AAAA24826983002FAA74 /* DateView.swift */ = {isa = PBXFileReference; lastKnownFileType = sourcecode.swift; path = DateView.swift; sourceTree = "<group>"; };
		87C6AAAC248269B9002FAA74 /* TimeView.swift */ = {isa = PBXFileReference; lastKnownFileType = sourcecode.swift; path = TimeView.swift; sourceTree = "<group>"; };
		87C6AAAE24826B02002FAA74 /* IntervalView.swift */ = {isa = PBXFileReference; lastKnownFileType = sourcecode.swift; path = IntervalView.swift; sourceTree = "<group>"; };
		87F95B2924808A8C00255B29 /* URLSession+Extensions.swift */ = {isa = PBXFileReference; lastKnownFileType = sourcecode.swift; path = "URLSession+Extensions.swift"; sourceTree = "<group>"; };
		87F95B2B24808D0400255B29 /* Favorite.swift */ = {isa = PBXFileReference; lastKnownFileType = sourcecode.swift; path = Favorite.swift; sourceTree = "<group>"; };
		87F95B2D2480930200255B29 /* FavoriteRowView.swift */ = {isa = PBXFileReference; lastKnownFileType = sourcecode.swift; path = FavoriteRowView.swift; sourceTree = "<group>"; };
		87F95B2F2480933100255B29 /* HistoryRowView.swift */ = {isa = PBXFileReference; lastKnownFileType = sourcecode.swift; path = HistoryRowView.swift; sourceTree = "<group>"; };
		87F95B312480944700255B29 /* DurationView.swift */ = {isa = PBXFileReference; lastKnownFileType = sourcecode.swift; path = DurationView.swift; sourceTree = "<group>"; };
		87F95B332480978200255B29 /* DateTimeView.swift */ = {isa = PBXFileReference; lastKnownFileType = sourcecode.swift; path = DateTimeView.swift; sourceTree = "<group>"; };
		87F95B352480A2B400255B29 /* ButtonStyles.swift */ = {isa = PBXFileReference; lastKnownFileType = sourcecode.swift; path = ButtonStyles.swift; sourceTree = "<group>"; };
		C19BA13E243F2E33004795A7 /* TimeBoxed.app */ = {isa = PBXFileReference; explicitFileType = wrapper.application; includeInIndex = 0; path = TimeBoxed.app; sourceTree = BUILT_PRODUCTS_DIR; };
		C19BA141243F2E33004795A7 /* AppDelegate.swift */ = {isa = PBXFileReference; lastKnownFileType = sourcecode.swift; path = AppDelegate.swift; sourceTree = "<group>"; };
		C19BA143243F2E33004795A7 /* SceneDelegate.swift */ = {isa = PBXFileReference; lastKnownFileType = sourcecode.swift; path = SceneDelegate.swift; sourceTree = "<group>"; };
		C19BA145243F2E33004795A7 /* ContentView.swift */ = {isa = PBXFileReference; lastKnownFileType = sourcecode.swift; path = ContentView.swift; sourceTree = "<group>"; };
		C19BA147243F2E36004795A7 /* Assets.xcassets */ = {isa = PBXFileReference; lastKnownFileType = folder.assetcatalog; path = Assets.xcassets; sourceTree = "<group>"; };
		C19BA14A243F2E36004795A7 /* Preview Assets.xcassets */ = {isa = PBXFileReference; lastKnownFileType = folder.assetcatalog; path = "Preview Assets.xcassets"; sourceTree = "<group>"; };
		C19BA14D243F2E36004795A7 /* Base */ = {isa = PBXFileReference; lastKnownFileType = file.storyboard; name = Base; path = Base.lproj/LaunchScreen.storyboard; sourceTree = "<group>"; };
		C19BA14F243F2E36004795A7 /* Info.plist */ = {isa = PBXFileReference; lastKnownFileType = text.plist.xml; path = Info.plist; sourceTree = "<group>"; };
		C19BA155243F2E8F004795A7 /* CountdownPageView.swift */ = {isa = PBXFileReference; lastKnownFileType = sourcecode.swift; path = CountdownPageView.swift; sourceTree = "<group>"; };
		C19BA15A243F2F7C004795A7 /* CountdownView.swift */ = {isa = PBXFileReference; lastKnownFileType = sourcecode.swift; path = CountdownView.swift; sourceTree = "<group>"; };
		C19BA15E243F31A4004795A7 /* HistoryView.swift */ = {isa = PBXFileReference; lastKnownFileType = sourcecode.swift; path = HistoryView.swift; sourceTree = "<group>"; };
		C19BA160243F31D0004795A7 /* FavoriteView.swift */ = {isa = PBXFileReference; lastKnownFileType = sourcecode.swift; path = FavoriteView.swift; sourceTree = "<group>"; };
		C19BA162243F321F004795A7 /* Makefile */ = {isa = PBXFileReference; fileEncoding = 4; lastKnownFileType = sourcecode.make; path = Makefile; sourceTree = "<group>"; };
		C19BA164243F3243004795A7 /* swiftgen.yml */ = {isa = PBXFileReference; lastKnownFileType = text.yaml; path = swiftgen.yml; sourceTree = "<group>"; };
		C19BA16D243F33B9004795A7 /* UserDefaults+Extensions.swift */ = {isa = PBXFileReference; lastKnownFileType = sourcecode.swift; path = "UserDefaults+Extensions.swift"; sourceTree = "<group>"; };
		C19BA16F243F3407004795A7 /* Settings.swift */ = {isa = PBXFileReference; lastKnownFileType = sourcecode.swift; path = Settings.swift; sourceTree = "<group>"; };
		C19BA171243F346D004795A7 /* Keychain+Extensions.swift */ = {isa = PBXFileReference; lastKnownFileType = sourcecode.swift; path = "Keychain+Extensions.swift"; sourceTree = "<group>"; };
		C19BA173243F35E8004795A7 /* LoginView.swift */ = {isa = PBXFileReference; lastKnownFileType = sourcecode.swift; path = LoginView.swift; sourceTree = "<group>"; };
/* End PBXFileReference section */

/* Begin PBXFrameworksBuildPhase section */
		C19BA13B243F2E33004795A7 /* Frameworks */ = {
			isa = PBXFrameworksBuildPhase;
			buildActionMask = 2147483647;
			files = (
				C19BA16B243F3396004795A7 /* BuildFile in Frameworks */,
				C19BA168243F3331004795A7 /* BuildFile in Frameworks */,
			);
			runOnlyForDeploymentPostprocessing = 0;
		};
/* End PBXFrameworksBuildPhase section */

/* Begin PBXGroup section */
		876EF076245E90650021687C /* Models */ = {
			isa = PBXGroup;
			children = (
				87F95B2B24808D0400255B29 /* Favorite.swift */,
				876EF077245E90790021687C /* Pomodoro.swift */,
				C19BA16F243F3407004795A7 /* Settings.swift */,
			);
			path = Models;
			sourceTree = "<group>";
		};
		87C6AAA6248253A9002FAA74 /* V8tr */ = {
			isa = PBXGroup;
			children = (
				87C6AAA7248253BB002FAA74 /* AsyncImage */,
			);
			path = V8tr;
			sourceTree = "<group>";
		};
		87C6AAA7248253BB002FAA74 /* AsyncImage */ = {
			isa = PBXGroup;
			children = (
				87C6AA9E248243FF002FAA74 /* AsyncImage.swift */,
				87C6AAA224825337002FAA74 /* EnvironmentValues+ImageCache.swift */,
				87C6AAA424825390002FAA74 /* ImageCache.swift */,
				87C6AAA024824629002FAA74 /* ImageLoader.swift */,
			);
			path = AsyncImage;
			sourceTree = "<group>";
		};
		87C6AAB024826D75002FAA74 /* Rows */ = {
			isa = PBXGroup;
			children = (
				87F95B2D2480930200255B29 /* FavoriteRowView.swift */,
				87F95B2F2480933100255B29 /* HistoryRowView.swift */,
				874E6C802489179B00E7153C /* NameValueView.swift */,
			);
			path = Rows;
			sourceTree = "<group>";
		};
		C19BA135243F2E33004795A7 = {
			isa = PBXGroup;
			children = (
				C19BA13F243F2E33004795A7 /* Products */,
				C19BA140243F2E33004795A7 /* TimeBoxed */,
				C19BA162243F321F004795A7 /* Makefile */,
				C19BA164243F3243004795A7 /* swiftgen.yml */,
			);
			sourceTree = "<group>";
		};
		C19BA13F243F2E33004795A7 /* Products */ = {
			isa = PBXGroup;
			children = (
				C19BA13E243F2E33004795A7 /* TimeBoxed.app */,
			);
			name = Products;
			sourceTree = "<group>";
		};
		C19BA140243F2E33004795A7 /* TimeBoxed */ = {
			isa = PBXGroup;
			children = (
				C19BA16C243F33AA004795A7 /* Extensions */,
				876EF076245E90650021687C /* Models */,
				C19BA149243F2E36004795A7 /* Preview Content */,
				87C6AAA6248253A9002FAA74 /* V8tr */,
				C19BA15C243F317B004795A7 /* Views */,
				C19BA141243F2E33004795A7 /* AppDelegate.swift */,
				C19BA147243F2E36004795A7 /* Assets.xcassets */,
				C19BA145243F2E33004795A7 /* ContentView.swift */,
				C19BA14F243F2E36004795A7 /* Info.plist */,
				C19BA14C243F2E36004795A7 /* LaunchScreen.storyboard */,
				C19BA143243F2E33004795A7 /* SceneDelegate.swift */,
				87962056247FCEA000A2A9A8 /* TimeBoxed.entitlements */,
			);
			path = TimeBoxed;
			sourceTree = "<group>";
		};
		C19BA149243F2E36004795A7 /* Preview Content */ = {
			isa = PBXGroup;
			children = (
				C19BA14A243F2E36004795A7 /* Preview Assets.xcassets */,
			);
			path = "Preview Content";
			sourceTree = "<group>";
		};
		C19BA15C243F317B004795A7 /* Views */ = {
			isa = PBXGroup;
			children = (
				C19BA15D243F3189004795A7 /* Elements */,
				87C6AAB024826D75002FAA74 /* Rows */,
				C19BA155243F2E8F004795A7 /* CountdownPageView.swift */,
				C19BA160243F31D0004795A7 /* FavoriteView.swift */,
				87C6AAA824825B6D002FAA74 /* HistoryDetailView.swift */,
				C19BA15E243F31A4004795A7 /* HistoryView.swift */,
				C19BA173243F35E8004795A7 /* LoginView.swift */,
				879C36342483AB8A00DF0B9F /* SelectUserView.swift */,
				8708842E24826F14003D662F /* SettingsView.swift */,
			);
			path = Views;
			sourceTree = "<group>";
		};
		C19BA15D243F3189004795A7 /* Elements */ = {
			isa = PBXGroup;
			children = (
				87F95B352480A2B400255B29 /* ButtonStyles.swift */,
				C19BA15A243F2F7C004795A7 /* CountdownView.swift */,
				87F95B332480978200255B29 /* DateTimeView.swift */,
				87C6AAAA24826983002FAA74 /* DateView.swift */,
				87F95B312480944700255B29 /* DurationView.swift */,
				87C6AAAE24826B02002FAA74 /* IntervalView.swift */,
				87C6AAAC248269B9002FAA74 /* TimeView.swift */,
			);
			path = Elements;
			sourceTree = "<group>";
		};
		C19BA16C243F33AA004795A7 /* Extensions */ = {
			isa = PBXGroup;
			children = (
				C19BA171243F346D004795A7 /* Keychain+Extensions.swift */,
				87F95B2924808A8C00255B29 /* URLSession+Extensions.swift */,
				C19BA16D243F33B9004795A7 /* UserDefaults+Extensions.swift */,
			);
			path = Extensions;
			sourceTree = "<group>";
		};
/* End PBXGroup section */

/* Begin PBXNativeTarget section */
		C19BA13D243F2E33004795A7 /* TimeBoxed */ = {
			isa = PBXNativeTarget;
			buildConfigurationList = C19BA152243F2E36004795A7 /* Build configuration list for PBXNativeTarget "TimeBoxed" */;
			buildPhases = (
				C19BA13A243F2E33004795A7 /* Sources */,
				C19BA13B243F2E33004795A7 /* Frameworks */,
				C19BA13C243F2E33004795A7 /* Resources */,
			);
			buildRules = (
			);
			dependencies = (
			);
			name = TimeBoxed;
			packageProductDependencies = (
				C19BA167243F3331004795A7 /* SwiftPackageProductDependency */,
				C19BA16A243F3396004795A7 /* SwiftPackageProductDependency */,
			);
			productName = TimeBoxed;
			productReference = C19BA13E243F2E33004795A7 /* TimeBoxed.app */;
			productType = "com.apple.product-type.application";
		};
/* End PBXNativeTarget section */

/* Begin PBXProject section */
		C19BA136243F2E33004795A7 /* Project object */ = {
			isa = PBXProject;
			attributes = {
				LastSwiftUpdateCheck = 1140;
				LastUpgradeCheck = 1140;
				ORGANIZATIONNAME = "Paul Traylor";
				TargetAttributes = {
					C19BA13D243F2E33004795A7 = {
						CreatedOnToolsVersion = 11.4;
					};
				};
			};
			buildConfigurationList = C19BA139243F2E33004795A7 /* Build configuration list for PBXProject "TimeBoxed" */;
			compatibilityVersion = "Xcode 9.3";
			developmentRegion = en;
			hasScannedForEncodings = 0;
			knownRegions = (
				en,
				Base,
			);
			mainGroup = C19BA135243F2E33004795A7;
			packageReferences = (
				C19BA166243F3331004795A7 /* RemoteSwiftPackageReference */,
				C19BA169243F3396004795A7 /* RemoteSwiftPackageReference */,
			);
			productRefGroup = C19BA13F243F2E33004795A7 /* Products */;
			projectDirPath = "";
			projectRoot = "";
			targets = (
				C19BA13D243F2E33004795A7 /* TimeBoxed */,
			);
		};
/* End PBXProject section */

/* Begin PBXResourcesBuildPhase section */
		C19BA13C243F2E33004795A7 /* Resources */ = {
			isa = PBXResourcesBuildPhase;
			buildActionMask = 2147483647;
			files = (
				C19BA14E243F2E36004795A7 /* LaunchScreen.storyboard in Resources */,
				C19BA14B243F2E36004795A7 /* Preview Assets.xcassets in Resources */,
				C19BA148243F2E36004795A7 /* Assets.xcassets in Resources */,
				C19BA165243F3243004795A7 /* swiftgen.yml in Resources */,
			);
			runOnlyForDeploymentPostprocessing = 0;
		};
/* End PBXResourcesBuildPhase section */

/* Begin PBXSourcesBuildPhase section */
		C19BA13A243F2E33004795A7 /* Sources */ = {
			isa = PBXSourcesBuildPhase;
			buildActionMask = 2147483647;
			files = (
				87C6AAA324825337002FAA74 /* EnvironmentValues+ImageCache.swift in Sources */,
				C19BA142243F2E33004795A7 /* AppDelegate.swift in Sources */,
				87C6AA9F248243FF002FAA74 /* AsyncImage.swift in Sources */,
				C19BA16E243F33B9004795A7 /* UserDefaults+Extensions.swift in Sources */,
				C19BA15F243F31A4004795A7 /* HistoryView.swift in Sources */,
				C19BA161243F31D0004795A7 /* FavoriteView.swift in Sources */,
				87F95B2E2480930200255B29 /* FavoriteRowView.swift in Sources */,
				C19BA170243F3407004795A7 /* Settings.swift in Sources */,
				87F95B322480944700255B29 /* DurationView.swift in Sources */,
				C19BA15B243F2F7C004795A7 /* CountdownView.swift in Sources */,
				87C6AAA124824629002FAA74 /* ImageLoader.swift in Sources */,
				87F95B342480978200255B29 /* DateTimeView.swift in Sources */,
				87C6AAA924825B6D002FAA74 /* HistoryDetailView.swift in Sources */,
				87F95B302480933100255B29 /* HistoryRowView.swift in Sources */,
				87C6AAAB24826983002FAA74 /* DateView.swift in Sources */,
				87F95B362480A2B400255B29 /* ButtonStyles.swift in Sources */,
				C19BA174243F35E8004795A7 /* LoginView.swift in Sources */,
				87F95B2A24808A8C00255B29 /* URLSession+Extensions.swift in Sources */,
				8708842F24826F14003D662F /* SettingsView.swift in Sources */,
				874E6C812489179B00E7153C /* NameValueView.swift in Sources */,
				876EF078245E90790021687C /* Pomodoro.swift in Sources */,
				C19BA144243F2E33004795A7 /* SceneDelegate.swift in Sources */,
				879C36352483AB8A00DF0B9F /* SelectUserView.swift in Sources */,
				87C6AAA524825390002FAA74 /* ImageCache.swift in Sources */,
				C19BA156243F2E8F004795A7 /* CountdownPageView.swift in Sources */,
				C19BA163243F321F004795A7 /* Makefile in Sources */,
				87C6AAAD248269B9002FAA74 /* TimeView.swift in Sources */,
				C19BA172243F346D004795A7 /* Keychain+Extensions.swift in Sources */,
				87C6AAAF24826B02002FAA74 /* IntervalView.swift in Sources */,
				87F95B2C24808D0400255B29 /* Favorite.swift in Sources */,
				C19BA146243F2E33004795A7 /* ContentView.swift in Sources */,
			);
			runOnlyForDeploymentPostprocessing = 0;
		};
/* End PBXSourcesBuildPhase section */

/* Begin PBXVariantGroup section */
		C19BA14C243F2E36004795A7 /* LaunchScreen.storyboard */ = {
			isa = PBXVariantGroup;
			children = (
				C19BA14D243F2E36004795A7 /* Base */,
			);
			name = LaunchScreen.storyboard;
			path = .;
			sourceTree = "<group>";
		};
/* End PBXVariantGroup section */

/* Begin XCBuildConfiguration section */
		C19BA150243F2E36004795A7 /* Debug */ = {
			isa = XCBuildConfiguration;
			buildSettings = {
				ALWAYS_SEARCH_USER_PATHS = NO;
				CLANG_ANALYZER_NONNULL = YES;
				CLANG_ANALYZER_NUMBER_OBJECT_CONVERSION = YES_AGGRESSIVE;
				CLANG_CXX_LANGUAGE_STANDARD = "gnu++14";
				CLANG_CXX_LIBRARY = "libc++";
				CLANG_ENABLE_MODULES = YES;
				CLANG_ENABLE_OBJC_ARC = YES;
				CLANG_ENABLE_OBJC_WEAK = YES;
				CLANG_WARN_BLOCK_CAPTURE_AUTORELEASING = YES;
				CLANG_WARN_BOOL_CONVERSION = YES;
				CLANG_WARN_COMMA = YES;
				CLANG_WARN_CONSTANT_CONVERSION = YES;
				CLANG_WARN_DEPRECATED_OBJC_IMPLEMENTATIONS = YES;
				CLANG_WARN_DIRECT_OBJC_ISA_USAGE = YES_ERROR;
				CLANG_WARN_DOCUMENTATION_COMMENTS = YES;
				CLANG_WARN_EMPTY_BODY = YES;
				CLANG_WARN_ENUM_CONVERSION = YES;
				CLANG_WARN_INFINITE_RECURSION = YES;
				CLANG_WARN_INT_CONVERSION = YES;
				CLANG_WARN_NON_LITERAL_NULL_CONVERSION = YES;
				CLANG_WARN_OBJC_IMPLICIT_RETAIN_SELF = YES;
				CLANG_WARN_OBJC_LITERAL_CONVERSION = YES;
				CLANG_WARN_OBJC_ROOT_CLASS = YES_ERROR;
				CLANG_WARN_RANGE_LOOP_ANALYSIS = YES;
				CLANG_WARN_STRICT_PROTOTYPES = YES;
				CLANG_WARN_SUSPICIOUS_MOVE = YES;
				CLANG_WARN_UNGUARDED_AVAILABILITY = YES_AGGRESSIVE;
				CLANG_WARN_UNREACHABLE_CODE = YES;
				CLANG_WARN__DUPLICATE_METHOD_MATCH = YES;
				COPY_PHASE_STRIP = NO;
				DEBUG_INFORMATION_FORMAT = dwarf;
				ENABLE_STRICT_OBJC_MSGSEND = YES;
				ENABLE_TESTABILITY = YES;
				GCC_C_LANGUAGE_STANDARD = gnu11;
				GCC_DYNAMIC_NO_PIC = NO;
				GCC_NO_COMMON_BLOCKS = YES;
				GCC_OPTIMIZATION_LEVEL = 0;
				GCC_PREPROCESSOR_DEFINITIONS = (
					"DEBUG=1",
					"$(inherited)",
				);
				GCC_WARN_64_TO_32_BIT_CONVERSION = YES;
				GCC_WARN_ABOUT_RETURN_TYPE = YES_ERROR;
				GCC_WARN_UNDECLARED_SELECTOR = YES;
				GCC_WARN_UNINITIALIZED_AUTOS = YES_AGGRESSIVE;
				GCC_WARN_UNUSED_FUNCTION = YES;
				GCC_WARN_UNUSED_VARIABLE = YES;
				IPHONEOS_DEPLOYMENT_TARGET = 13.4;
				MTL_ENABLE_DEBUG_INFO = INCLUDE_SOURCE;
				MTL_FAST_MATH = YES;
				ONLY_ACTIVE_ARCH = YES;
				SDKROOT = iphoneos;
				SWIFT_ACTIVE_COMPILATION_CONDITIONS = DEBUG;
				SWIFT_OPTIMIZATION_LEVEL = "-Onone";
			};
			name = Debug;
		};
		C19BA151243F2E36004795A7 /* Release */ = {
			isa = XCBuildConfiguration;
			buildSettings = {
				ALWAYS_SEARCH_USER_PATHS = NO;
				CLANG_ANALYZER_NONNULL = YES;
				CLANG_ANALYZER_NUMBER_OBJECT_CONVERSION = YES_AGGRESSIVE;
				CLANG_CXX_LANGUAGE_STANDARD = "gnu++14";
				CLANG_CXX_LIBRARY = "libc++";
				CLANG_ENABLE_MODULES = YES;
				CLANG_ENABLE_OBJC_ARC = YES;
				CLANG_ENABLE_OBJC_WEAK = YES;
				CLANG_WARN_BLOCK_CAPTURE_AUTORELEASING = YES;
				CLANG_WARN_BOOL_CONVERSION = YES;
				CLANG_WARN_COMMA = YES;
				CLANG_WARN_CONSTANT_CONVERSION = YES;
				CLANG_WARN_DEPRECATED_OBJC_IMPLEMENTATIONS = YES;
				CLANG_WARN_DIRECT_OBJC_ISA_USAGE = YES_ERROR;
				CLANG_WARN_DOCUMENTATION_COMMENTS = YES;
				CLANG_WARN_EMPTY_BODY = YES;
				CLANG_WARN_ENUM_CONVERSION = YES;
				CLANG_WARN_INFINITE_RECURSION = YES;
				CLANG_WARN_INT_CONVERSION = YES;
				CLANG_WARN_NON_LITERAL_NULL_CONVERSION = YES;
				CLANG_WARN_OBJC_IMPLICIT_RETAIN_SELF = YES;
				CLANG_WARN_OBJC_LITERAL_CONVERSION = YES;
				CLANG_WARN_OBJC_ROOT_CLASS = YES_ERROR;
				CLANG_WARN_RANGE_LOOP_ANALYSIS = YES;
				CLANG_WARN_STRICT_PROTOTYPES = YES;
				CLANG_WARN_SUSPICIOUS_MOVE = YES;
				CLANG_WARN_UNGUARDED_AVAILABILITY = YES_AGGRESSIVE;
				CLANG_WARN_UNREACHABLE_CODE = YES;
				CLANG_WARN__DUPLICATE_METHOD_MATCH = YES;
				COPY_PHASE_STRIP = NO;
				DEBUG_INFORMATION_FORMAT = "dwarf-with-dsym";
				ENABLE_NS_ASSERTIONS = NO;
				ENABLE_STRICT_OBJC_MSGSEND = YES;
				GCC_C_LANGUAGE_STANDARD = gnu11;
				GCC_NO_COMMON_BLOCKS = YES;
				GCC_WARN_64_TO_32_BIT_CONVERSION = YES;
				GCC_WARN_ABOUT_RETURN_TYPE = YES_ERROR;
				GCC_WARN_UNDECLARED_SELECTOR = YES;
				GCC_WARN_UNINITIALIZED_AUTOS = YES_AGGRESSIVE;
				GCC_WARN_UNUSED_FUNCTION = YES;
				GCC_WARN_UNUSED_VARIABLE = YES;
				IPHONEOS_DEPLOYMENT_TARGET = 13.4;
				MTL_ENABLE_DEBUG_INFO = NO;
				MTL_FAST_MATH = YES;
				SDKROOT = iphoneos;
				SWIFT_COMPILATION_MODE = wholemodule;
				SWIFT_OPTIMIZATION_LEVEL = "-O";
				VALIDATE_PRODUCT = YES;
			};
			name = Release;
		};
		C19BA153243F2E36004795A7 /* Debug */ = {
			isa = XCBuildConfiguration;
			buildSettings = {
				ASSETCATALOG_COMPILER_APPICON_NAME = AppIcon;
				CODE_SIGN_ENTITLEMENTS = TimeBoxed/TimeBoxed.entitlements;
				CODE_SIGN_STYLE = Automatic;
				DEVELOPMENT_ASSET_PATHS = "\"TimeBoxed/Preview Content\"";
				DEVELOPMENT_TEAM = QX3B8ZS54S;
				ENABLE_PREVIEWS = YES;
				INFOPLIST_FILE = TimeBoxed/Info.plist;
				LD_RUNPATH_SEARCH_PATHS = (
					"$(inherited)",
					"@executable_path/Frameworks",
				);
				PRODUCT_BUNDLE_IDENTIFIER = net.kungfudiscomonkey.TimeBoxed;
				PRODUCT_NAME = "$(TARGET_NAME)";
				SWIFT_VERSION = 5.0;
				TARGETED_DEVICE_FAMILY = "1,2";
			};
			name = Debug;
		};
		C19BA154243F2E36004795A7 /* Release */ = {
			isa = XCBuildConfiguration;
			buildSettings = {
				ASSETCATALOG_COMPILER_APPICON_NAME = AppIcon;
				CODE_SIGN_ENTITLEMENTS = TimeBoxed/TimeBoxed.entitlements;
				CODE_SIGN_STYLE = Automatic;
				DEVELOPMENT_ASSET_PATHS = "\"TimeBoxed/Preview Content\"";
				DEVELOPMENT_TEAM = QX3B8ZS54S;
				ENABLE_PREVIEWS = YES;
				INFOPLIST_FILE = TimeBoxed/Info.plist;
				LD_RUNPATH_SEARCH_PATHS = (
					"$(inherited)",
					"@executable_path/Frameworks",
				);
				PRODUCT_BUNDLE_IDENTIFIER = net.kungfudiscomonkey.TimeBoxed;
				PRODUCT_NAME = "$(TARGET_NAME)";
				SWIFT_VERSION = 5.0;
				TARGETED_DEVICE_FAMILY = "1,2";
			};
			name = Release;
		};
/* End XCBuildConfiguration section */

/* Begin XCConfigurationList section */
		C19BA139243F2E33004795A7 /* Build configuration list for PBXProject "TimeBoxed" */ = {
			isa = XCConfigurationList;
			buildConfigurations = (
				C19BA150243F2E36004795A7 /* Debug */,
				C19BA151243F2E36004795A7 /* Release */,
			);
			defaultConfigurationIsVisible = 0;
			defaultConfigurationName = Release;
		};
		C19BA152243F2E36004795A7 /* Build configuration list for PBXNativeTarget "TimeBoxed" */ = {
			isa = XCConfigurationList;
			buildConfigurations = (
				C19BA153243F2E36004795A7 /* Debug */,
				C19BA154243F2E36004795A7 /* Release */,
			);
			defaultConfigurationIsVisible = 0;
			defaultConfigurationName = Release;
		};
/* End XCConfigurationList section */

/* Begin XCRemoteSwiftPackageReference section */
		C19BA166243F3331004795A7 /* RemoteSwiftPackageReference */ = {
			isa = XCRemoteSwiftPackageReference;
			repositoryURL = "https://github.com/mikegrb/SwiftMQTT";
			requirement = {
				kind = upToNextMajorVersion;
				minimumVersion = 3.0.1;
			};
		};
		C19BA169243F3396004795A7 /* RemoteSwiftPackageReference */ = {
			isa = XCRemoteSwiftPackageReference;
			repositoryURL = "https://github.com/kishikawakatsumi/KeychainAccess";
			requirement = {
				kind = upToNextMajorVersion;
				minimumVersion = 4.1.0;
			};
		};
/* End XCRemoteSwiftPackageReference section */

/* Begin XCSwiftPackageProductDependency section */
		C19BA167243F3331004795A7 /* SwiftPackageProductDependency */ = {
			isa = XCSwiftPackageProductDependency;
			package = C19BA166243F3331004795A7 /* RemoteSwiftPackageReference */;
			productName = SwiftMQTT;
		};
		C19BA16A243F3396004795A7 /* SwiftPackageProductDependency */ = {
			isa = XCSwiftPackageProductDependency;
			package = C19BA169243F3396004795A7 /* RemoteSwiftPackageReference */;
			productName = KeychainAccess;
		};
/* End XCSwiftPackageProductDependency section */
	};
	rootObject = C19BA136243F2E33004795A7 /* Project object */;
}
